
Microsoft Visual Studio Solution File, Format Version 12.00
# Visual Studio Version 17
VisualStudioVersion = 17.9.34728.123
MinimumVisualStudioVersion = 10.0.40219.1
Project("{FAE04EC0-301F-11D3-BF4B-00C04F79EFBC}") = "ProjCarro", "ProjCarro\ProjCarro.csproj", "{DAA3ABEA-F37D-4667-BB4E-F22601BD71C9}"
EndProject
Project("{FAE04EC0-301F-11D3-BF4B-00C04F79EFBC}") = "Repositories", "Repositories\Repositories.csproj", "{7C8B0ADC-14D8-4C89-94DD-890101B4DFCB}"
EndProject
Project("{FAE04EC0-301F-11D3-BF4B-00C04F79EFBC}") = "Models", "Models\Models.csproj", "{8E455230-FAFB-497B-A5E7-2DAD1D64BFBA}"
EndProject
Project("{FAE04EC0-301F-11D3-BF4B-00C04F79EFBC}") = "Controllers", "CarController\Controllers.csproj", "{40A63579-752F-4EFC-825B-01861A7B66E4}"
EndProject
Project("{FAE04EC0-301F-11D3-BF4B-00C04F79EFBC}") = "Services", "Services\Services.csproj", "{F19200DB-F0FC-4F21-92F1-A0DBFC765205}"
EndProject
Global
	GlobalSection(SolutionConfigurationPlatforms) = preSolution
		Debug|Any CPU = Debug|Any CPU
		Release|Any CPU = Release|Any CPU
	EndGlobalSection
	GlobalSection(ProjectConfigurationPlatforms) = postSolution
		{DAA3ABEA-F37D-4667-BB4E-F22601BD71C9}.Debug|Any CPU.ActiveCfg = Debug|Any CPU
		{DAA3ABEA-F37D-4667-BB4E-F22601BD71C9}.Debug|Any CPU.Build.0 = Debug|Any CPU
		{DAA3ABEA-F37D-4667-BB4E-F22601BD71C9}.Release|Any CPU.ActiveCfg = Release|Any CPU
		{DAA3ABEA-F37D-4667-BB4E-F22601BD71C9}.Release|Any CPU.Build.0 = Release|Any CPU
		{7C8B0ADC-14D8-4C89-94DD-890101B4DFCB}.Debug|Any CPU.ActiveCfg = Debug|Any CPU
		{7C8B0ADC-14D8-4C89-94DD-890101B4DFCB}.Debug|Any CPU.Build.0 = Debug|Any CPU
		{7C8B0ADC-14D8-4C89-94DD-890101B4DFCB}.Release|Any CPU.ActiveCfg = Release|Any CPU
		{7C8B0ADC-14D8-4C89-94DD-890101B4DFCB}.Release|Any CPU.Build.0 = Release|Any CPU
		{8E455230-FAFB-497B-A5E7-2DAD1D64BFBA}.Debug|Any CPU.ActiveCfg = Debug|Any CPU
		{8E455230-FAFB-497B-A5E7-2DAD1D64BFBA}.Debug|Any CPU.Build.0 = Debug|Any CPU
		{8E455230-FAFB-497B-A5E7-2DAD1D64BFBA}.Release|Any CPU.ActiveCfg = Release|Any CPU
		{8E455230-FAFB-497B-A5E7-2DAD1D64BFBA}.Release|Any CPU.Build.0 = Release|Any CPU
		{40A63579-752F-4EFC-825B-01861A7B66E4}.Debug|Any CPU.ActiveCfg = Debug|Any CPU
		{40A63579-752F-4EFC-825B-01861A7B66E4}.Debug|Any CPU.Build.0 = Debug|Any CPU
		{40A63579-752F-4EFC-825B-01861A7B66E4}.Release|Any CPU.ActiveCfg = Release|Any CPU
		{40A63579-752F-4EFC-825B-01861A7B66E4}.Release|Any CPU.Build.0 = Release|Any CPU
		{F19200DB-F0FC-4F21-92F1-A0DBFC765205}.Debug|Any CPU.ActiveCfg = Debug|Any CPU
		{F19200DB-F0FC-4F21-92F1-A0DBFC765205}.Debug|Any CPU.Build.0 = Debug|Any CPU
		{F19200DB-F0FC-4F21-92F1-A0DBFC765205}.Release|Any CPU.ActiveCfg = Release|Any CPU
		{F19200DB-F0FC-4F21-92F1-A0DBFC765205}.Release|Any CPU.Build.0 = Release|Any CPU
	EndGlobalSection
	GlobalSection(SolutionProperties) = preSolution
		HideSolutionNode = FALSE
	EndGlobalSection
	GlobalSection(ExtensibilityGlobals) = postSolution
		SolutionGuid = {FC0EAF05-1AA1-411C-B14B-711C9DA31094}
	EndGlobalSection
EndGlobal
